github.com/jpkrohling/collector-workspaces/pdata v0.0.1 h1:llZ6zwpqnuhQjoni+R/aRAR3MBUXfxa2//0ZtFkxDdE=
github.com/jpkrohling/collector-workspaces/pdata v0.0.1/go.mod h1:zR9rA680UZ6RNrL84Byx2OrKQHgt849wxUhMjkMnDOs=
github.com/jpkrohling/collector-workspaces/semconv v0.0.1 h1:pivX5itatQLwLJ1B4YXik8eLDouJNxI9E8mxRT5YQJs=
github.com/jpkrohling/collector-workspaces/semconv v0.0.1/go.mod h1:zcGrBJpDkRB6VTCbV3ZH6C61DL/TF1p5s370SyMzKGE=
